
Microsoft Visual Studio Solution File, Format Version 12.00
# Visual Studio Version 16
VisualStudioVersion = 16.0.30804.86
MinimumVisualStudioVersion = 10.0.40219.1
Project("{FAE04EC0-301F-11D3-BF4B-00C04F79EFBC}") = "IntercambioDeIdiomas", "IntercambioDeIdiomas.csproj", "{EBAD707D-C11C-4AC6-9425-15A43DFDCB85}"
EndProject
Global
	GlobalSection(SolutionConfigurationPlatforms) = preSolution
		Debug|Any CPU = Debug|Any CPU
		Release|Any CPU = Release|Any CPU
	EndGlobalSection
	GlobalSection(ProjectConfigurationPlatforms) = postSolution
		{EBAD707D-C11C-4AC6-9425-15A43DFDCB85}.Debug|Any CPU.ActiveCfg = Debug|Any CPU
		{EBAD707D-C11C-4AC6-9425-15A43DFDCB85}.Debug|Any CPU.Build.0 = Debug|Any CPU
		{EBAD707D-C11C-4AC6-9425-15A43DFDCB85}.Release|Any CPU.ActiveCfg = Release|Any CPU
		{EBAD707D-C11C-4AC6-9425-15A43DFDCB85}.Release|Any CPU.Build.0 = Release|Any CPU
	EndGlobalSection
	GlobalSection(SolutionProperties) = preSolution
		HideSolutionNode = FALSE
	EndGlobalSection
	GlobalSection(ExtensibilityGlobals) = postSolution
		SolutionGuid = {D6356D3C-7F6A-4F42-92E9-011CB01333C5}
	EndGlobalSection
EndGlobal
